
Microsoft Visual Studio Solution File, Format Version 12.00
# Visual Studio 14
VisualStudioVersion = 14.0.23107.0
MinimumVisualStudioVersion = 10.0.40219.1
Project("{FAE04EC0-301F-11D3-BF4B-00C04F79EFBC}") = "PizzaFactory", "PizzaFactory\PizzaFactory.csproj", "{34F53C0F-27AA-4BBB-AE80-335F567F3FBE}"
EndProject
Global
	GlobalSection(SolutionConfigurationPlatforms) = preSolution
		Debug|Any CPU = Debug|Any CPU
		Release|Any CPU = Release|Any CPU
	EndGlobalSection
	GlobalSection(ProjectConfigurationPlatforms) = postSolution
		{34F53C0F-27AA-4BBB-AE80-335F567F3FBE}.Debug|Any CPU.ActiveCfg = Debug|Any CPU
		{34F53C0F-27AA-4BBB-AE80-335F567F3FBE}.Debug|Any CPU.Build.0 = Debug|Any CPU
		{34F53C0F-27AA-4BBB-AE80-335F567F3FBE}.Release|Any CPU.ActiveCfg = Release|Any CPU
		{34F53C0F-27AA-4BBB-AE80-335F567F3FBE}.Release|Any CPU.Build.0 = Release|Any CPU
	EndGlobalSection
	GlobalSection(SolutionProperties) = preSolution
		HideSolutionNode = FALSE
	EndGlobalSection
EndGlobal
